
Microsoft Visual Studio Solution File, Format Version 12.00
# Visual Studio Version 16
VisualStudioVersion = 16.0.29728.190
MinimumVisualStudioVersion = 10.0.40219.1
Project("{FAE04EC0-301F-11D3-BF4B-00C04F79EFBC}") = "TrackerLibrary", "TrackerLibrary\TrackerLibrary.csproj", "{CE70082A-E676-4369-B3A8-96A22BEA69F7}"
EndProject
Project("{FAE04EC0-301F-11D3-BF4B-00C04F79EFBC}") = "TrackerUI", "TrackerUI\TrackerUI.csproj", "{09766391-C433-488B-9460-DF2433F7D3D7}"
EndProject
Project("{00D1A9C2-B5F0-4AF3-8072-F6C62B433612}") = "TrackerData", "TrackerData\TrackerData.sqlproj", "{7B36DBBF-2639-4D62-B9C3-00B5C7877D0C}"
EndProject
Global
	GlobalSection(SolutionConfigurationPlatforms) = preSolution
		Debug|Any CPU = Debug|Any CPU
		Release|Any CPU = Release|Any CPU
	EndGlobalSection
	GlobalSection(ProjectConfigurationPlatforms) = postSolution
		{CE70082A-E676-4369-B3A8-96A22BEA69F7}.Debug|Any CPU.ActiveCfg = Debug|Any CPU
		{CE70082A-E676-4369-B3A8-96A22BEA69F7}.Debug|Any CPU.Build.0 = Debug|Any CPU
		{CE70082A-E676-4369-B3A8-96A22BEA69F7}.Release|Any CPU.ActiveCfg = Release|Any CPU
		{CE70082A-E676-4369-B3A8-96A22BEA69F7}.Release|Any CPU.Build.0 = Release|Any CPU
		{09766391-C433-488B-9460-DF2433F7D3D7}.Debug|Any CPU.ActiveCfg = Debug|Any CPU
		{09766391-C433-488B-9460-DF2433F7D3D7}.Debug|Any CPU.Build.0 = Debug|Any CPU
		{09766391-C433-488B-9460-DF2433F7D3D7}.Release|Any CPU.ActiveCfg = Release|Any CPU
		{09766391-C433-488B-9460-DF2433F7D3D7}.Release|Any CPU.Build.0 = Release|Any CPU
		{7B36DBBF-2639-4D62-B9C3-00B5C7877D0C}.Debug|Any CPU.ActiveCfg = Debug|Any CPU
		{7B36DBBF-2639-4D62-B9C3-00B5C7877D0C}.Debug|Any CPU.Build.0 = Debug|Any CPU
		{7B36DBBF-2639-4D62-B9C3-00B5C7877D0C}.Debug|Any CPU.Deploy.0 = Debug|Any CPU
		{7B36DBBF-2639-4D62-B9C3-00B5C7877D0C}.Release|Any CPU.ActiveCfg = Release|Any CPU
		{7B36DBBF-2639-4D62-B9C3-00B5C7877D0C}.Release|Any CPU.Build.0 = Release|Any CPU
		{7B36DBBF-2639-4D62-B9C3-00B5C7877D0C}.Release|Any CPU.Deploy.0 = Release|Any CPU
	EndGlobalSection
	GlobalSection(SolutionProperties) = preSolution
		HideSolutionNode = FALSE
	EndGlobalSection
	GlobalSection(ExtensibilityGlobals) = postSolution
		SolutionGuid = {B18F3952-1F81-4DCD-A351-F97C63951082}
	EndGlobalSection
EndGlobal
